
Microsoft Visual Studio Solution File, Format Version 12.00
# Visual Studio 14
VisualStudioVersion = 14.0.25420.1
MinimumVisualStudioVersion = 10.0.40219.1
Project("{FAE04EC0-301F-11D3-BF4B-00C04F79EFBC}") = "ParticleSwarmOptimizationFront", "ParticleSwarmOptimizationFront\ParticleSwarmOptimizationFront.csproj", "{0F52D8E9-B636-46AF-81AD-DBE27C338AA4}"
EndProject
Project("{FAE04EC0-301F-11D3-BF4B-00C04F79EFBC}") = "ParticleSwarmOptimization", "ParticleSwarmOptimization\ParticleSwarmOptimization.csproj", "{79A69AE6-FF00-4F60-86A2-BF22637160DA}"
EndProject
Global
	GlobalSection(SolutionConfigurationPlatforms) = preSolution
		Debug|Any CPU = Debug|Any CPU
		Release|Any CPU = Release|Any CPU
	EndGlobalSection
	GlobalSection(ProjectConfigurationPlatforms) = postSolution
		{0F52D8E9-B636-46AF-81AD-DBE27C338AA4}.Debug|Any CPU.ActiveCfg = Debug|Any CPU
		{0F52D8E9-B636-46AF-81AD-DBE27C338AA4}.Debug|Any CPU.Build.0 = Debug|Any CPU
		{0F52D8E9-B636-46AF-81AD-DBE27C338AA4}.Release|Any CPU.ActiveCfg = Release|Any CPU
		{0F52D8E9-B636-46AF-81AD-DBE27C338AA4}.Release|Any CPU.Build.0 = Release|Any CPU
		{79A69AE6-FF00-4F60-86A2-BF22637160DA}.Debug|Any CPU.ActiveCfg = Debug|Any CPU
		{79A69AE6-FF00-4F60-86A2-BF22637160DA}.Debug|Any CPU.Build.0 = Debug|Any CPU
		{79A69AE6-FF00-4F60-86A2-BF22637160DA}.Release|Any CPU.ActiveCfg = Release|Any CPU
		{79A69AE6-FF00-4F60-86A2-BF22637160DA}.Release|Any CPU.Build.0 = Release|Any CPU
	EndGlobalSection
	GlobalSection(SolutionProperties) = preSolution
		HideSolutionNode = FALSE
	EndGlobalSection
EndGlobal
